
Microsoft Visual Studio Solution File, Format Version 12.00
# Visual Studio Version 17
VisualStudioVersion = 17.11.35312.102
MinimumVisualStudioVersion = 10.0.40219.1
Project("{FAE04EC0-301F-11D3-BF4B-00C04F79EFBC}") = "lesson_2_task1", "lesson_2_task1\lesson_2_task1.csproj", "{BA6C53EE-0725-4336-9331-A2638C152ED6}"
EndProject
Global
	GlobalSection(SolutionConfigurationPlatforms) = preSolution
		Debug|Any CPU = Debug|Any CPU
		Release|Any CPU = Release|Any CPU
	EndGlobalSection
	GlobalSection(ProjectConfigurationPlatforms) = postSolution
		{BA6C53EE-0725-4336-9331-A2638C152ED6}.Debug|Any CPU.ActiveCfg = Debug|Any CPU
		{BA6C53EE-0725-4336-9331-A2638C152ED6}.Debug|Any CPU.Build.0 = Debug|Any CPU
		{BA6C53EE-0725-4336-9331-A2638C152ED6}.Release|Any CPU.ActiveCfg = Release|Any CPU
		{BA6C53EE-0725-4336-9331-A2638C152ED6}.Release|Any CPU.Build.0 = Release|Any CPU
	EndGlobalSection
	GlobalSection(SolutionProperties) = preSolution
		HideSolutionNode = FALSE
	EndGlobalSection
	GlobalSection(ExtensibilityGlobals) = postSolution
		SolutionGuid = {25B24002-3389-446C-8571-BF350C083921}
	EndGlobalSection
EndGlobal
